# THIS IS AN AUTOGENERATED FILE. DO NOT EDIT THIS FILE DIRECTLY.
# yarn lockfile v1


"@types/zen-observable@0.5.3":
  version "0.5.3"
  resolved "https://registry.yarnpkg.com/@types/zen-observable/-/zen-observable-0.5.3.tgz#91b728599544efbb7386d8b6633693a3c2e7ade5"

accepts@~1.1.2:
  version "1.1.4"
  resolved "https://registry.yarnpkg.com/accepts/-/accepts-1.1.4.tgz#d71c96f7d41d0feda2c38cd14e8a27c04158df4a"
  dependencies:
    mime-types "~2.0.4"
    negotiator "0.4.9"

apollo-cache-control@^0.0.x:
  version "0.0.9"
  resolved "https://registry.yarnpkg.com/apollo-cache-control/-/apollo-cache-control-0.0.9.tgz#77100f456fb19526d33b7f595c8ab1a2980dcbb4"
  dependencies:
    graphql-extensions "^0.0.x"

apollo-link@^1.0.0:
  version "1.0.7"
  resolved "https://registry.yarnpkg.com/apollo-link/-/apollo-link-1.0.7.tgz#42cd38a7378332fc3e41a214ff6a6e5e703a556f"
  dependencies:
    "@types/zen-observable" "0.5.3"
    apollo-utilities "^1.0.0"
    zen-observable "^0.6.0"

apollo-server-core@^1.3.2:
  version "1.3.2"
  resolved "https://registry.yarnpkg.com/apollo-server-core/-/apollo-server-core-1.3.2.tgz#f36855a3ebdc2d77b8b9c454380bf1d706105ffc"
  dependencies:
    apollo-cache-control "^0.0.x"
    apollo-tracing "^0.1.0"
    graphql-extensions "^0.0.x"

apollo-server-express@^1.3.2:
  version "1.3.2"
  resolved "https://registry.yarnpkg.com/apollo-server-express/-/apollo-server-express-1.3.2.tgz#0ff8201c0bf362804a151e1399767dae6ab7e309"
  dependencies:
    apollo-server-core "^1.3.2"
    apollo-server-module-graphiql "^1.3.0"

apollo-server-module-graphiql@^1.3.0:
  version "1.3.2"
  resolved "https://registry.yarnpkg.com/apollo-server-module-graphiql/-/apollo-server-module-graphiql-1.3.2.tgz#0a9e4c48dece3af904fee333f95f7b9817335ca7"

apollo-tracing@^0.1.0:
  version "0.1.3"
  resolved "https://registry.yarnpkg.com/apollo-tracing/-/apollo-tracing-0.1.3.tgz#6820c066bf20f9d9a4eddfc023f7c83ee2601f0b"
  dependencies:
    graphql-extensions "^0.0.x"

apollo-utilities@^1.0.0, apollo-utilities@^1.0.1:
  version "1.0.5"
  resolved "https://registry.yarnpkg.com/apollo-utilities/-/apollo-utilities-1.0.5.tgz#a5e99507d730ce21e84e07c7a9c7586b2ccdc58e"

body-parser@^1.9.3:
  version "1.9.3"
  resolved "https://registry.yarnpkg.com/body-parser/-/body-parser-1.9.3.tgz#edfacd4fcfad87dfe74f861a5cc712900aef2623"
  dependencies:
    bytes "1.0.0"
    depd "~1.0.0"
    iconv-lite "0.4.5"
    media-typer "0.3.0"
    on-finished "~2.1.1"
    qs "2.3.3"
    raw-body "1.3.1"
    type-is "~1.5.3"

bytes@1, bytes@1.0.0:
  version "1.0.0"
  resolved "https://registry.yarnpkg.com/bytes/-/bytes-1.0.0.tgz#3569ede8ba34315fab99c3e92cb04c7220de1fa8"

cookie-signature@1.0.5:
  version "1.0.5"
  resolved "https://registry.yarnpkg.com/cookie-signature/-/cookie-signature-1.0.5.tgz#a122e3f1503eca0f5355795b0711bb2368d450f9"

cookie@0.1.2:
  version "0.1.2"
  resolved "https://registry.yarnpkg.com/cookie/-/cookie-0.1.2.tgz#72fec3d24e48a3432073d90c12642005061004b1"

core-js@^2.5.3:
  version "2.5.3"
  resolved "https://registry.yarnpkg.com/core-js/-/core-js-2.5.3.tgz#8acc38345824f16d8365b7c9b4259168e8ed603e"

crc@3.0.0:
  version "3.0.0"
  resolved "https://registry.yarnpkg.com/crc/-/crc-3.0.0.tgz#d11e97ec44a844e5eb15a74fa2c7875d0aac4b22"

debug@~2.0.0:
  version "2.0.0"
  resolved "https://registry.yarnpkg.com/debug/-/debug-2.0.0.tgz#89bd9df6732b51256bc6705342bba02ed12131ef"
  dependencies:
    ms "0.6.2"

depd@0.4.5:
  version "0.4.5"
  resolved "https://registry.yarnpkg.com/depd/-/depd-0.4.5.tgz#1a664b53388b4a6573e8ae67b5f767c693ca97f1"

depd@~1.0.0:
  version "1.0.1"
  resolved "https://registry.yarnpkg.com/depd/-/depd-1.0.1.tgz#80aec64c9d6d97e65cc2a9caa93c0aa6abf73aaa"

deprecated-decorator@^0.1.6:
  version "0.1.6"
  resolved "https://registry.yarnpkg.com/deprecated-decorator/-/deprecated-decorator-0.1.6.tgz#00966317b7a12fe92f3cc831f7583af329b86c37"

destroy@1.0.3:
  version "1.0.3"
  resolved "https://registry.yarnpkg.com/destroy/-/destroy-1.0.3.tgz#b433b4724e71fd8551d9885174851c5fc377e2c9"

ee-first@1.0.5:
  version "1.0.5"
  resolved "https://registry.yarnpkg.com/ee-first/-/ee-first-1.0.5.tgz#8c9b212898d8cd9f1a9436650ce7be202c9e9ff0"

ee-first@1.1.0:
  version "1.1.0"
  resolved "https://registry.yarnpkg.com/ee-first/-/ee-first-1.1.0.tgz#6a0d7c6221e490feefd92ec3f441c9ce8cd097f4"

es6-promise@^4.1.1:
  version "4.2.4"
  resolved "https://registry.yarnpkg.com/es6-promise/-/es6-promise-4.2.4.tgz#dc4221c2b16518760bd8c39a52d8f356fc00ed29"

escape-html@1.0.1:
  version "1.0.1"
  resolved "https://registry.yarnpkg.com/escape-html/-/escape-html-1.0.1.tgz#181a286ead397a39a92857cfb1d43052e356bff0"

etag@~1.4.0:
  version "1.4.0"
  resolved "https://registry.yarnpkg.com/etag/-/etag-1.4.0.tgz#3050991615857707c04119d075ba2088e0701225"
  dependencies:
    crc "3.0.0"

express@^4.9.8:
  version "4.9.8"
  resolved "https://registry.yarnpkg.com/express/-/express-4.9.8.tgz#f360f596baeabbd0e5223b603d6eb578d9d2d10d"
  dependencies:
    accepts "~1.1.2"
    cookie "0.1.2"
    cookie-signature "1.0.5"
    debug "~2.0.0"
    depd "0.4.5"
    escape-html "1.0.1"
    etag "~1.4.0"
    finalhandler "0.2.0"
    fresh "0.2.4"
    media-typer "0.3.0"
    merge-descriptors "0.0.2"
    methods "1.1.0"
    on-finished "~2.1.0"
    parseurl "~1.3.0"
    path-to-regexp "0.1.3"
    proxy-addr "~1.0.3"
    qs "2.2.4"
    range-parser "~1.0.2"
    send "0.9.3"
    serve-static "~1.6.4"
    type-is "~1.5.2"
    utils-merge "1.0.0"
    vary "~1.0.0"

finalhandler@0.2.0:
  version "0.2.0"
  resolved "https://registry.yarnpkg.com/finalhandler/-/finalhandler-0.2.0.tgz#794082424b17f6a4b2a0eda39f9db6948ee4be8d"
  dependencies:
    debug "~2.0.0"
    escape-html "1.0.1"

forwarded@~0.1.0:
  version "0.1.2"
  resolved "https://registry.yarnpkg.com/forwarded/-/forwarded-0.1.2.tgz#98c23dab1175657b8c0573e8ceccd91b0ff18c84"

fresh@0.2.4:
  version "0.2.4"
  resolved "https://registry.yarnpkg.com/fresh/-/fresh-0.2.4.tgz#3582499206c9723714190edd74b4604feb4a614c"

graphql-extensions@^0.0.x:
  version "0.0.7"
  resolved "https://registry.yarnpkg.com/graphql-extensions/-/graphql-extensions-0.0.7.tgz#807e7c3493da45e8f8fd02c0da771a9b3f1f2d1a"
  dependencies:
    core-js "^2.5.3"
    source-map-support "^0.5.1"

graphql-server-express@^1.3.2:
  version "1.3.2"
  resolved "https://registry.yarnpkg.com/graphql-server-express/-/graphql-server-express-1.3.2.tgz#cb60614bda10ddd6657731b1584042ee081d5a7d"
  dependencies:
    apollo-server-express "^1.3.2"

graphql-subscriptions@^0.5.6:
  version "0.5.6"
  resolved "https://registry.yarnpkg.com/graphql-subscriptions/-/graphql-subscriptions-0.5.6.tgz#0d8e960fbaaf9ecbe7900366e86da2fc143fc5b2"
  dependencies:
    es6-promise "^4.1.1"
    iterall "^1.1.3"

graphql-tools@^2.19.0:
  version "2.19.0"
  resolved "https://registry.yarnpkg.com/graphql-tools/-/graphql-tools-2.19.0.tgz#04e1065532ab877aff3ad1883530fb56804ce9bf"
  dependencies:
    apollo-link "^1.0.0"
    apollo-utilities "^1.0.1"
    deprecated-decorator "^0.1.6"
    graphql-subscriptions "^0.5.6"
    uuid "^3.1.0"

graphql@^0.12.3:
  version "0.12.3"
  resolved "https://registry.yarnpkg.com/graphql/-/graphql-0.12.3.tgz#11668458bbe28261c0dcb6e265f515ba79f6ce07"
  dependencies:
    iterall "1.1.3"

iconv-lite@0.4.5:
  version "0.4.5"
  resolved "https://registry.yarnpkg.com/iconv-lite/-/iconv-lite-0.4.5.tgz#9c574b70c30d615859f2064d2be4335ad6b1a8d6"

ipaddr.js@1.0.5:
  version "1.0.5"
  resolved "https://registry.yarnpkg.com/ipaddr.js/-/ipaddr.js-1.0.5.tgz#5fa78cf301b825c78abc3042d812723049ea23c7"

iterall@1.1.3:
  version "1.1.3"
  resolved "https://registry.yarnpkg.com/iterall/-/iterall-1.1.3.tgz#1cbbff96204056dde6656e2ed2e2226d0e6d72c9"

iterall@^1.1.3:
  version "1.1.4"
  resolved "https://registry.yarnpkg.com/iterall/-/iterall-1.1.4.tgz#0db40d38fdcf53ae14dc8ec674e62ab190d52cfc"

media-typer@0.3.0:
  version "0.3.0"
  resolved "https://registry.yarnpkg.com/media-typer/-/media-typer-0.3.0.tgz#8710d7af0aa626f8fffa1ce00168545263255748"

merge-descriptors@0.0.2:
  version "0.0.2"
  resolved "https://registry.yarnpkg.com/merge-descriptors/-/merge-descriptors-0.0.2.tgz#c36a52a781437513c57275f39dd9d317514ac8c7"

methods@1.1.0:
  version "1.1.0"
  resolved "https://registry.yarnpkg.com/methods/-/methods-1.1.0.tgz#5dca4ee12df52ff3b056145986a8f01cbc86436f"

mime-db@~1.12.0:
  version "1.12.0"
  resolved "https://registry.yarnpkg.com/mime-db/-/mime-db-1.12.0.tgz#3d0c63180f458eb10d325aaa37d7c58ae312e9d7"

mime-types@~2.0.4, mime-types@~2.0.9:
  version "2.0.14"
  resolved "https://registry.yarnpkg.com/mime-types/-/mime-types-2.0.14.tgz#310e159db23e077f8bb22b748dabfa4957140aa6"
  dependencies:
    mime-db "~1.12.0"

mime@1.2.11:
  version "1.2.11"
  resolved "https://registry.yarnpkg.com/mime/-/mime-1.2.11.tgz#58203eed86e3a5ef17aed2b7d9ebd47f0a60dd10"

ms@0.6.2:
  version "0.6.2"
  resolved "https://registry.yarnpkg.com/ms/-/ms-0.6.2.tgz#d89c2124c6fdc1353d65a8b77bf1aac4b193708c"

negotiator@0.4.9:
  version "0.4.9"
  resolved "https://registry.yarnpkg.com/negotiator/-/negotiator-0.4.9.tgz#92e46b6db53c7e421ed64a2bc94f08be7630df3f"

on-finished@2.1.0:
  version "2.1.0"
  resolved "https://registry.yarnpkg.com/on-finished/-/on-finished-2.1.0.tgz#0c539f09291e8ffadde0c8a25850fb2cedc7022d"
  dependencies:
    ee-first "1.0.5"

on-finished@~2.1.0, on-finished@~2.1.1:
  version "2.1.1"
  resolved "https://registry.yarnpkg.com/on-finished/-/on-finished-2.1.1.tgz#f82ca1c9e3a4f3286b1b9938610e5b8636bd3cb2"
  dependencies:
    ee-first "1.1.0"

parseurl@~1.3.0:
  version "1.3.2"
  resolved "https://registry.yarnpkg.com/parseurl/-/parseurl-1.3.2.tgz#fc289d4ed8993119460c156253262cdc8de65bf3"

path-to-regexp@0.1.3:
  version "0.1.3"
  resolved "https://registry.yarnpkg.com/path-to-regexp/-/path-to-regexp-0.1.3.tgz#21b9ab82274279de25b156ea08fd12ca51b8aecb"

proxy-addr@~1.0.3:
  version "1.0.10"
  resolved "https://registry.yarnpkg.com/proxy-addr/-/proxy-addr-1.0.10.tgz#0d40a82f801fc355567d2ecb65efe3f077f121c5"
  dependencies:
    forwarded "~0.1.0"
    ipaddr.js "1.0.5"

qs@2.2.4:
  version "2.2.4"
  resolved "https://registry.yarnpkg.com/qs/-/qs-2.2.4.tgz#2e9fbcd34b540e3421c924ecd01e90aa975319c8"

qs@2.3.3:
  version "2.3.3"
  resolved "https://registry.yarnpkg.com/qs/-/qs-2.3.3.tgz#e9e85adbe75da0bbe4c8e0476a086290f863b404"

range-parser@~1.0.2:
  version "1.0.3"
  resolved "https://registry.yarnpkg.com/range-parser/-/range-parser-1.0.3.tgz#6872823535c692e2c2a0103826afd82c2e0ff175"

raw-body@1.3.1:
  version "1.3.1"
  resolved "https://registry.yarnpkg.com/raw-body/-/raw-body-1.3.1.tgz#26a1491059086fd121942232d16758cd2817f815"
  dependencies:
    bytes "1"
    iconv-lite "0.4.5"

send@0.9.3:
  version "0.9.3"
  resolved "https://registry.yarnpkg.com/send/-/send-0.9.3.tgz#b43a7414cd089b7fbec9b755246f7c37b7b85cc0"
  dependencies:
    debug "~2.0.0"
    depd "0.4.5"
    destroy "1.0.3"
    escape-html "1.0.1"
    etag "~1.4.0"
    fresh "0.2.4"
    mime "1.2.11"
    ms "0.6.2"
    on-finished "2.1.0"
    range-parser "~1.0.2"

serve-static@~1.6.4:
  version "1.6.5"
  resolved "https://registry.yarnpkg.com/serve-static/-/serve-static-1.6.5.tgz#aca17e0deac4a87729f6078781b7d27f63aa3d9c"
  dependencies:
    escape-html "1.0.1"
    parseurl "~1.3.0"
    send "0.9.3"
    utils-merge "1.0.0"

source-map-support@^0.5.1:
  version "0.5.3"
  resolved "https://registry.yarnpkg.com/source-map-support/-/source-map-support-0.5.3.tgz#2b3d5fff298cfa4d1afd7d4352d569e9a0158e76"
  dependencies:
    source-map "^0.6.0"

source-map@^0.6.0:
  version "0.6.1"
  resolved "https://registry.yarnpkg.com/source-map/-/source-map-0.6.1.tgz#74722af32e9614e9c287a8d0bbde48b5e2f1a263"

type-is@~1.5.2, type-is@~1.5.3:
  version "1.5.7"
  resolved "https://registry.yarnpkg.com/type-is/-/type-is-1.5.7.tgz#b9368a593cc6ef7d0645e78b2f4c64cbecd05e90"
  dependencies:
    media-typer "0.3.0"
    mime-types "~2.0.9"

utils-merge@1.0.0:
  version "1.0.0"
  resolved "https://registry.yarnpkg.com/utils-merge/-/utils-merge-1.0.0.tgz#0294fb922bb9375153541c4f7096231f287c8af8"

uuid@^3.1.0:
  version "3.2.1"
  resolved "https://registry.yarnpkg.com/uuid/-/uuid-3.2.1.tgz#12c528bb9d58d0b9265d9a2f6f0fe8be17ff1f14"

vary@~1.0.0:
  version "1.0.1"
  resolved "https://registry.yarnpkg.com/vary/-/vary-1.0.1.tgz#99e4981566a286118dfb2b817357df7993376d10"

zen-observable@^0.6.0:
  version "0.6.1"
  resolved "https://registry.yarnpkg.com/zen-observable/-/zen-observable-0.6.1.tgz#01dbed3bc8d02cbe9ee1112c83e04c807f647244"
